
Microsoft Visual Studio Solution File, Format Version 12.00
# Visual Studio Version 17
VisualStudioVersion = 17.0.31903.59
MinimumVisualStudioVersion = 10.0.40219.1
Project("{FAE04EC0-301F-11D3-BF4B-00C04F79EFBC}") = "RightSize", "RightSize\RightSize.csproj", "{C31BA3B1-50E7-4EFF-9599-56786358E7C6}"
EndProject
Project("{FAE04EC0-301F-11D3-BF4B-00C04F79EFBC}") = "ChangeString", "ChangeString\ChangeString.csproj", "{7950D082-0AC2-43CD-A23F-9A8D6983ECFC}"
EndProject
Project("{FAE04EC0-301F-11D3-BF4B-00C04F79EFBC}") = "AH", "AH\AH.csproj", "{1491139E-0CAB-4675-9503-156E21F46EE0}"
EndProject
Project("{FAE04EC0-301F-11D3-BF4B-00C04F79EFBC}") = "ArrayMul", "ArrayMul\ArrayMul.csproj", "{97A3565D-7639-4447-894A-18007A59E397}"
EndProject
Project("{FAE04EC0-301F-11D3-BF4B-00C04F79EFBC}") = "HeroPerk", "HeroPerk\HeroPerk.csproj", "{38941C42-FAB8-4FC8-8B5B-575A5EB34466}"
EndProject
Project("{FAE04EC0-301F-11D3-BF4B-00C04F79EFBC}") = "Pow2Until", "Pow2Until\Pow2Until.csproj", "{7EC6EA34-A118-4190-903B-33B17182F6FF}"
EndProject
Global
	GlobalSection(SolutionConfigurationPlatforms) = preSolution
		Debug|Any CPU = Debug|Any CPU
		Release|Any CPU = Release|Any CPU
	EndGlobalSection
	GlobalSection(SolutionProperties) = preSolution
		HideSolutionNode = FALSE
	EndGlobalSection
	GlobalSection(ProjectConfigurationPlatforms) = postSolution
		{C31BA3B1-50E7-4EFF-9599-56786358E7C6}.Debug|Any CPU.ActiveCfg = Debug|Any CPU
		{C31BA3B1-50E7-4EFF-9599-56786358E7C6}.Debug|Any CPU.Build.0 = Debug|Any CPU
		{C31BA3B1-50E7-4EFF-9599-56786358E7C6}.Release|Any CPU.ActiveCfg = Release|Any CPU
		{C31BA3B1-50E7-4EFF-9599-56786358E7C6}.Release|Any CPU.Build.0 = Release|Any CPU
		{7950D082-0AC2-43CD-A23F-9A8D6983ECFC}.Debug|Any CPU.ActiveCfg = Debug|Any CPU
		{7950D082-0AC2-43CD-A23F-9A8D6983ECFC}.Debug|Any CPU.Build.0 = Debug|Any CPU
		{7950D082-0AC2-43CD-A23F-9A8D6983ECFC}.Release|Any CPU.ActiveCfg = Release|Any CPU
		{7950D082-0AC2-43CD-A23F-9A8D6983ECFC}.Release|Any CPU.Build.0 = Release|Any CPU
		{1491139E-0CAB-4675-9503-156E21F46EE0}.Debug|Any CPU.ActiveCfg = Debug|Any CPU
		{1491139E-0CAB-4675-9503-156E21F46EE0}.Debug|Any CPU.Build.0 = Debug|Any CPU
		{1491139E-0CAB-4675-9503-156E21F46EE0}.Release|Any CPU.ActiveCfg = Release|Any CPU
		{1491139E-0CAB-4675-9503-156E21F46EE0}.Release|Any CPU.Build.0 = Release|Any CPU
		{97A3565D-7639-4447-894A-18007A59E397}.Debug|Any CPU.ActiveCfg = Debug|Any CPU
		{97A3565D-7639-4447-894A-18007A59E397}.Debug|Any CPU.Build.0 = Debug|Any CPU
		{97A3565D-7639-4447-894A-18007A59E397}.Release|Any CPU.ActiveCfg = Release|Any CPU
		{97A3565D-7639-4447-894A-18007A59E397}.Release|Any CPU.Build.0 = Release|Any CPU
		{38941C42-FAB8-4FC8-8B5B-575A5EB34466}.Debug|Any CPU.ActiveCfg = Debug|Any CPU
		{38941C42-FAB8-4FC8-8B5B-575A5EB34466}.Debug|Any CPU.Build.0 = Debug|Any CPU
		{38941C42-FAB8-4FC8-8B5B-575A5EB34466}.Release|Any CPU.ActiveCfg = Release|Any CPU
		{38941C42-FAB8-4FC8-8B5B-575A5EB34466}.Release|Any CPU.Build.0 = Release|Any CPU
		{7EC6EA34-A118-4190-903B-33B17182F6FF}.Debug|Any CPU.ActiveCfg = Debug|Any CPU
		{7EC6EA34-A118-4190-903B-33B17182F6FF}.Debug|Any CPU.Build.0 = Debug|Any CPU
		{7EC6EA34-A118-4190-903B-33B17182F6FF}.Release|Any CPU.ActiveCfg = Release|Any CPU
		{7EC6EA34-A118-4190-903B-33B17182F6FF}.Release|Any CPU.Build.0 = Release|Any CPU
	EndGlobalSection
EndGlobal
